
Microsoft Visual Studio Solution File, Format Version 12.00
# Visual Studio 15
VisualStudioVersion = 15.0.27130.2020
MinimumVisualStudioVersion = 10.0.40219.1
Project("{FAE04EC0-301F-11D3-BF4B-00C04F79EFBC}") = "directory21.Core", "directory21.Core\directory21.Core.csproj", "{525D30EC-0EE5-4F86-BE5B-89AA0CF7EDF7}"
EndProject
Project("{FAE04EC0-301F-11D3-BF4B-00C04F79EFBC}") = "directory21.Data", "directory21.Data\directory21.Data.csproj", "{8149E535-2FB0-4B3D-8AA7-94EF9D7B847B}"
EndProject
Project("{FAE04EC0-301F-11D3-BF4B-00C04F79EFBC}") = "directory21.Service", "directory21.Service\directory21.Service.csproj", "{8D337EEA-C6E3-4FE2-A143-1408B268D133}"
EndProject
Project("{FAE04EC0-301F-11D3-BF4B-00C04F79EFBC}") = "directory21.Web", "directory21.Web\directory21.Web.csproj", "{CE460849-764B-47BE-A0DF-81FD09847C7F}"
EndProject
Global
	GlobalSection(SolutionConfigurationPlatforms) = preSolution
		Debug|Any CPU = Debug|Any CPU
		Release|Any CPU = Release|Any CPU
	EndGlobalSection
	GlobalSection(ProjectConfigurationPlatforms) = postSolution
		{525D30EC-0EE5-4F86-BE5B-89AA0CF7EDF7}.Debug|Any CPU.ActiveCfg = Debug|Any CPU
		{525D30EC-0EE5-4F86-BE5B-89AA0CF7EDF7}.Debug|Any CPU.Build.0 = Debug|Any CPU
		{525D30EC-0EE5-4F86-BE5B-89AA0CF7EDF7}.Release|Any CPU.ActiveCfg = Release|Any CPU
		{525D30EC-0EE5-4F86-BE5B-89AA0CF7EDF7}.Release|Any CPU.Build.0 = Release|Any CPU
		{8149E535-2FB0-4B3D-8AA7-94EF9D7B847B}.Debug|Any CPU.ActiveCfg = Debug|Any CPU
		{8149E535-2FB0-4B3D-8AA7-94EF9D7B847B}.Debug|Any CPU.Build.0 = Debug|Any CPU
		{8149E535-2FB0-4B3D-8AA7-94EF9D7B847B}.Release|Any CPU.ActiveCfg = Release|Any CPU
		{8149E535-2FB0-4B3D-8AA7-94EF9D7B847B}.Release|Any CPU.Build.0 = Release|Any CPU
		{8D337EEA-C6E3-4FE2-A143-1408B268D133}.Debug|Any CPU.ActiveCfg = Debug|Any CPU
		{8D337EEA-C6E3-4FE2-A143-1408B268D133}.Debug|Any CPU.Build.0 = Debug|Any CPU
		{8D337EEA-C6E3-4FE2-A143-1408B268D133}.Release|Any CPU.ActiveCfg = Release|Any CPU
		{8D337EEA-C6E3-4FE2-A143-1408B268D133}.Release|Any CPU.Build.0 = Release|Any CPU
		{CE460849-764B-47BE-A0DF-81FD09847C7F}.Debug|Any CPU.ActiveCfg = Debug|Any CPU
		{CE460849-764B-47BE-A0DF-81FD09847C7F}.Debug|Any CPU.Build.0 = Debug|Any CPU
		{CE460849-764B-47BE-A0DF-81FD09847C7F}.Release|Any CPU.ActiveCfg = Release|Any CPU
		{CE460849-764B-47BE-A0DF-81FD09847C7F}.Release|Any CPU.Build.0 = Release|Any CPU
	EndGlobalSection
	GlobalSection(SolutionProperties) = preSolution
		HideSolutionNode = FALSE
	EndGlobalSection
	GlobalSection(ExtensibilityGlobals) = postSolution
		SolutionGuid = {2D229205-27C1-4078-BB39-7899F8451B38}
	EndGlobalSection
EndGlobal
